
Microsoft Visual Studio Solution File, Format Version 12.00
# Visual Studio Version 17
VisualStudioVersion = 17.6.33829.357
MinimumVisualStudioVersion = 10.0.40219.1
Project("{9A19103F-16F7-4668-BE54-9A1E7A4F7556}") = "GESTIONESTUDIANTES", "GESTIONESTUDIANTES\GESTIONESTUDIANTES.csproj", "{9731F0B1-F8F1-43F6-90F3-8FEDCDA762E3}"
EndProject
Project("{9A19103F-16F7-4668-BE54-9A1E7A4F7556}") = "estudiantescore", "estudiantescore\estudiantescore.csproj", "{F388237C-3447-4DBA-903F-11D686831DF8}"
EndProject
Project("{9A19103F-16F7-4668-BE54-9A1E7A4F7556}") = "estudiantesinfraestructure", "estudiantesinfraestructure\estudiantesinfraestructure.csproj", "{CDD7F4A1-69E0-4728-9E5D-1876139B03D6}"
EndProject
Project("{2150E333-8FDC-42A3-9474-1A3956D46DE8}") = "DevExtreme NuGet.config", "DevExtreme NuGet.config", "{A3D12E25-0E9C-444F-A288-0310D121DE6F}"
	ProjectSection(SolutionItems) = preProject
		NuGet.config = NuGet.config
	EndProjectSection
EndProject
Global
	GlobalSection(SolutionConfigurationPlatforms) = preSolution
		Debug|Any CPU = Debug|Any CPU
		Release|Any CPU = Release|Any CPU
	EndGlobalSection
	GlobalSection(ProjectConfigurationPlatforms) = postSolution
		{9731F0B1-F8F1-43F6-90F3-8FEDCDA762E3}.Debug|Any CPU.ActiveCfg = Debug|Any CPU
		{9731F0B1-F8F1-43F6-90F3-8FEDCDA762E3}.Debug|Any CPU.Build.0 = Debug|Any CPU
		{9731F0B1-F8F1-43F6-90F3-8FEDCDA762E3}.Release|Any CPU.ActiveCfg = Release|Any CPU
		{9731F0B1-F8F1-43F6-90F3-8FEDCDA762E3}.Release|Any CPU.Build.0 = Release|Any CPU
		{F388237C-3447-4DBA-903F-11D686831DF8}.Debug|Any CPU.ActiveCfg = Debug|Any CPU
		{F388237C-3447-4DBA-903F-11D686831DF8}.Debug|Any CPU.Build.0 = Debug|Any CPU
		{F388237C-3447-4DBA-903F-11D686831DF8}.Release|Any CPU.ActiveCfg = Release|Any CPU
		{F388237C-3447-4DBA-903F-11D686831DF8}.Release|Any CPU.Build.0 = Release|Any CPU
		{CDD7F4A1-69E0-4728-9E5D-1876139B03D6}.Debug|Any CPU.ActiveCfg = Debug|Any CPU
		{CDD7F4A1-69E0-4728-9E5D-1876139B03D6}.Debug|Any CPU.Build.0 = Debug|Any CPU
		{CDD7F4A1-69E0-4728-9E5D-1876139B03D6}.Release|Any CPU.ActiveCfg = Release|Any CPU
		{CDD7F4A1-69E0-4728-9E5D-1876139B03D6}.Release|Any CPU.Build.0 = Release|Any CPU
	EndGlobalSection
	GlobalSection(SolutionProperties) = preSolution
		HideSolutionNode = FALSE
	EndGlobalSection
	GlobalSection(ExtensibilityGlobals) = postSolution
		SolutionGuid = {33E8089B-2267-4A4F-8394-CB8FCE15FFDE}
	EndGlobalSection
EndGlobal
